
Microsoft Visual Studio Solution File, Format Version 12.00
# Visual Studio Version 17
VisualStudioVersion = 17.0.32126.317
MinimumVisualStudioVersion = 10.0.40219.1
Project("{FAE04EC0-301F-11D3-BF4B-00C04F79EFBC}") = "ART+MACHINE", "ART+MACHINE.csproj", "{AE875172-B5CD-4B86-9060-7223EF0C239C}"
EndProject
Project("{9A19103F-16F7-4668-BE54-9A1E7A4F7556}") = "GH_GeneralClassLibrary", "..\GH_GeneralClassLibrary\GH_GeneralClassLibrary.csproj", "{CDEDFBCC-CA3A-4AB7-A0AF-E4A29B48A0DA}"
EndProject
Global
	GlobalSection(SolutionConfigurationPlatforms) = preSolution
		Debug|Any CPU = Debug|Any CPU
		Release|Any CPU = Release|Any CPU
	EndGlobalSection
	GlobalSection(ProjectConfigurationPlatforms) = postSolution
		{AE875172-B5CD-4B86-9060-7223EF0C239C}.Debug|Any CPU.ActiveCfg = Debug|Any CPU
		{AE875172-B5CD-4B86-9060-7223EF0C239C}.Debug|Any CPU.Build.0 = Debug|Any CPU
		{AE875172-B5CD-4B86-9060-7223EF0C239C}.Release|Any CPU.ActiveCfg = Release|Any CPU
		{AE875172-B5CD-4B86-9060-7223EF0C239C}.Release|Any CPU.Build.0 = Release|Any CPU
		{CDEDFBCC-CA3A-4AB7-A0AF-E4A29B48A0DA}.Debug|Any CPU.ActiveCfg = Debug|Any CPU
		{CDEDFBCC-CA3A-4AB7-A0AF-E4A29B48A0DA}.Debug|Any CPU.Build.0 = Debug|Any CPU
		{CDEDFBCC-CA3A-4AB7-A0AF-E4A29B48A0DA}.Release|Any CPU.ActiveCfg = Release|Any CPU
		{CDEDFBCC-CA3A-4AB7-A0AF-E4A29B48A0DA}.Release|Any CPU.Build.0 = Release|Any CPU
	EndGlobalSection
	GlobalSection(SolutionProperties) = preSolution
		HideSolutionNode = FALSE
	EndGlobalSection
	GlobalSection(ExtensibilityGlobals) = postSolution
		SolutionGuid = {6D61BC68-3F9C-435D-8AD2-D20AABFF2CF0}
	EndGlobalSection
EndGlobal
